# This file is automatically @generated by Cargo.
# It is not intended for manual editing.
[[package]]
name = "aoc20"
version = "0.1.0"
dependencies = [
 "serde_scan",
]

[[package]]
name = "serde"
version = "1.0.117"
source = "registry+https://github.com/rust-lang/crates.io-index"
checksum = "b88fa983de7720629c9387e9f517353ed404164b1e482c970a90c1a4aaf7dc1a"

[[package]]
name = "serde_scan"
version = "0.4.1"
source = "registry+https://github.com/rust-lang/crates.io-index"
checksum = "c328aed355674cef5038b201b14b24eb877213462edb7ba28801c6bdd0ac5597"
dependencies = [
 "serde",
]
